// !$*UTF8*$!
{
	archiveVersion = 1;
	classes = {
	};
	objectVersion = 46;
	objects = {

/* Begin PBXBuildFile section */
		9EC460661A7D4B4600A559FE /* AppDelegate.swift in Sources */ = {isa = PBXBuildFile; fileRef = 9EC460651A7D4B4600A559FE /* AppDelegate.swift */; };
		9EC460681A7D4B4600A559FE /* ViewController.swift in Sources */ = {isa = PBXBuildFile; fileRef = 9EC460671A7D4B4600A559FE /* ViewController.swift */; };
		9EC4606B1A7D4B4600A559FE /* Main.storyboard in Resources */ = {isa = PBXBuildFile; fileRef = 9EC460691A7D4B4600A559FE /* Main.storyboard */; };
		9EC4606D1A7D4B4600A559FE /* Images.xcassets in Resources */ = {isa = PBXBuildFile; fileRef = 9EC4606C1A7D4B4600A559FE /* Images.xcassets */; };
		9EC4607C1A7D4B4600A559FE /* BeautyLabelTests.swift in Sources */ = {isa = PBXBuildFile; fileRef = 9EC4607B1A7D4B4600A559FE /* BeautyLabelTests.swift */; };
		9EC460861A7D4B6100A559FE /* BeautyLabel.swift in Sources */ = {isa = PBXBuildFile; fileRef = 9EC460851A7D4B6100A559FE /* BeautyLabel.swift */; };
/* End PBXBuildFile section */

/* Begin PBXContainerItemProxy section */
		9EC460761A7D4B4600A559FE /* PBXContainerItemProxy */ = {
			isa = PBXContainerItemProxy;
			containerPortal = 9EC460581A7D4B4600A559FE /* Project object */;
			proxyType = 1;
			remoteGlobalIDString = 9EC4605F1A7D4B4600A559FE;
			remoteInfo = BeautyLabel;
		};
/* End PBXContainerItemProxy section */

/* Begin PBXFileReference section */
		9EC460601A7D4B4600A559FE /* BeautyLabel.app */ = {isa = PBXFileReference; explicitFileType = wrapper.application; includeInIndex = 0; path = BeautyLabel.app; sourceTree = BUILT_PRODUCTS_DIR; };
		9EC460641A7D4B4600A559FE /* Info.plist */ = {isa = PBXFileReference; lastKnownFileType = text.plist.xml; path = Info.plist; sourceTree = "<group>"; };
		9EC460651A7D4B4600A559FE /* AppDelegate.swift */ = {isa = PBXFileReference; lastKnownFileType = sourcecode.swift; path = AppDelegate.swift; sourceTree = "<group>"; };
		9EC460671A7D4B4600A559FE /* ViewController.swift */ = {isa = PBXFileReference; lastKnownFileType = sourcecode.swift; path = ViewController.swift; sourceTree = "<group>"; };
		9EC4606A1A7D4B4600A559FE /* Base */ = {isa = PBXFileReference; lastKnownFileType = file.storyboard; name = Base; path = Base.lproj/Main.storyboard; sourceTree = "<group>"; };
		9EC4606C1A7D4B4600A559FE /* Images.xcassets */ = {isa = PBXFileReference; lastKnownFileType = folder.assetcatalog; path = Images.xcassets; sourceTree = "<group>"; };
		9EC460751A7D4B4600A559FE /* BeautyLabelTests.xctest */ = {isa = PBXFileReference; explicitFileType = wrapper.cfbundle; includeInIndex = 0; path = BeautyLabelTests.xctest; sourceTree = BUILT_PRODUCTS_DIR; };
		9EC4607A1A7D4B4600A559FE /* Info.plist */ = {isa = PBXFileReference; lastKnownFileType = text.plist.xml; path = Info.plist; sourceTree = "<group>"; };
		9EC4607B1A7D4B4600A559FE /* BeautyLabelTests.swift */ = {isa = PBXFileReference; lastKnownFileType = sourcecode.swift; path = BeautyLabelTests.swift; sourceTree = "<group>"; };
		9EC460851A7D4B6100A559FE /* BeautyLabel.swift */ = {isa = PBXFileReference; fileEncoding = 4; lastKnownFileType = sourcecode.swift; path = BeautyLabel.swift; sourceTree = "<group>"; };
/* End PBXFileReference section */

/* Begin PBXFrameworksBuildPhase section */
		9EC4605D1A7D4B4600A559FE /* Frameworks */ = {
			isa = PBXFrameworksBuildPhase;
			buildActionMask = 2147483647;
			files = (
			);
			runOnlyForDeploymentPostprocessing = 0;
		};
		9EC460721A7D4B4600A559FE /* Frameworks */ = {
			isa = PBXFrameworksBuildPhase;
			buildActionMask = 2147483647;
			files = (
			);
			runOnlyForDeploymentPostprocessing = 0;
		};
/* End PBXFrameworksBuildPhase section */

/* Begin PBXGroup section */
		9EC460571A7D4B4600A559FE = {
			isa = PBXGroup;
			children = (
				9EC460621A7D4B4600A559FE /* BeautyLabel */,
				9EC460781A7D4B4600A559FE /* BeautyLabelTests */,
				9EC460611A7D4B4600A559FE /* Products */,
			);
			sourceTree = "<group>";
		};
		9EC460611A7D4B4600A559FE /* Products */ = {
			isa = PBXGroup;
			children = (
				9EC460601A7D4B4600A559FE /* BeautyLabel.app */,
				9EC460751A7D4B4600A559FE /* BeautyLabelTests.xctest */,
			);
			name = Products;
			sourceTree = "<group>";
		};
		9EC460621A7D4B4600A559FE /* BeautyLabel */ = {
			isa = PBXGroup;
			children = (
				9EC460651A7D4B4600A559FE /* AppDelegate.swift */,
				9EC460671A7D4B4600A559FE /* ViewController.swift */,
				9EC460851A7D4B6100A559FE /* BeautyLabel.swift */,
				9EC460691A7D4B4600A559FE /* Main.storyboard */,
				9EC4606C1A7D4B4600A559FE /* Images.xcassets */,
				9EC460631A7D4B4600A559FE /* Supporting Files */,
			);
			path = BeautyLabel;
			sourceTree = "<group>";
		};
		9EC460631A7D4B4600A559FE /* Supporting Files */ = {
			isa = PBXGroup;
			children = (
				9EC460641A7D4B4600A559FE /* Info.plist */,
			);
			name = "Supporting Files";
			sourceTree = "<group>";
		};
		9EC460781A7D4B4600A559FE /* BeautyLabelTests */ = {
			isa = PBXGroup;
			children = (
				9EC4607B1A7D4B4600A559FE /* BeautyLabelTests.swift */,
				9EC460791A7D4B4600A559FE /* Supporting Files */,
			);
			path = BeautyLabelTests;
			sourceTree = "<group>";
		};
		9EC460791A7D4B4600A559FE /* Supporting Files */ = {
			isa = PBXGroup;
			children = (
				9EC4607A1A7D4B4600A559FE /* Info.plist */,
			);
			name = "Supporting Files";
			sourceTree = "<group>";
		};
/* End PBXGroup section */

/* Begin PBXNativeTarget section */
		9EC4605F1A7D4B4600A559FE /* BeautyLabel */ = {
			isa = PBXNativeTarget;
			buildConfigurationList = 9EC4607F1A7D4B4600A559FE /* Build configuration list for PBXNativeTarget "BeautyLabel" */;
			buildPhases = (
				9EC4605C1A7D4B4600A559FE /* Sources */,
				9EC4605D1A7D4B4600A559FE /* Frameworks */,
				9EC4605E1A7D4B4600A559FE /* Resources */,
			);
			buildRules = (
			);
			dependencies = (
			);
			name = BeautyLabel;
			productName = BeautyLabel;
			productReference = 9EC460601A7D4B4600A559FE /* BeautyLabel.app */;
			productType = "com.apple.product-type.application";
		};
		9EC460741A7D4B4600A559FE /* BeautyLabelTests */ = {
			isa = PBXNativeTarget;
			buildConfigurationList = 9EC460821A7D4B4600A559FE /* Build configuration list for PBXNativeTarget "BeautyLabelTests" */;
			buildPhases = (
				9EC460711A7D4B4600A559FE /* Sources */,
				9EC460721A7D4B4600A559FE /* Frameworks */,
				9EC460731A7D4B4600A559FE /* Resources */,
			);
			buildRules = (
			);
			dependencies = (
				9EC460771A7D4B4600A559FE /* PBXTargetDependency */,
			);
			name = BeautyLabelTests;
			productName = BeautyLabelTests;
			productReference = 9EC460751A7D4B4600A559FE /* BeautyLabelTests.xctest */;
			productType = "com.apple.product-type.bundle.unit-test";
		};
/* End PBXNativeTarget section */

/* Begin PBXProject section */
		9EC460581A7D4B4600A559FE /* Project object */ = {
			isa = PBXProject;
			attributes = {
				LastSwiftMigration = 0700;
				LastSwiftUpdateCheck = 0700;
				LastUpgradeCheck = 0700;
				ORGANIZATIONNAME = ccs;
				TargetAttributes = {
					9EC4605F1A7D4B4600A559FE = {
						CreatedOnToolsVersion = 6.1.1;
					};
					9EC460741A7D4B4600A559FE = {
						CreatedOnToolsVersion = 6.1.1;
						TestTargetID = 9EC4605F1A7D4B4600A559FE;
					};
				};
			};
			buildConfigurationList = 9EC4605B1A7D4B4600A559FE /* Build configuration list for PBXProject "BeautyLabel" */;
			compatibilityVersion = "Xcode 3.2";
			developmentRegion = English;
			hasScannedForEncodings = 0;
			knownRegions = (
				en,
				Base,
			);
			mainGroup = 9EC460571A7D4B4600A559FE;
			productRefGroup = 9EC460611A7D4B4600A559FE /* Products */;
			projectDirPath = "";
			projectRoot = "";
			targets = (
				9EC4605F1A7D4B4600A559FE /* BeautyLabel */,
				9EC460741A7D4B4600A559FE /* BeautyLabelTests */,
			);
		};
/* End PBXProject section */

/* Begin PBXResourcesBuildPhase section */
		9EC4605E1A7D4B4600A559FE /* Resources */ = {
			isa = PBXResourcesBuildPhase;
			buildActionMask = 2147483647;
			files = (
				9EC4606B1A7D4B4600A559FE /* Main.storyboard in Resources */,
				9EC4606D1A7D4B4600A559FE /* Images.xcassets in Resources */,
			);
			runOnlyForDeploymentPostprocessing = 0;
		};
		9EC460731A7D4B4600A559FE /* Resources */ = {
			isa = PBXResourcesBuildPhase;
			buildActionMask = 2147483647;
			files = (
			);
			runOnlyForDeploymentPostprocessing = 0;
		};
/* End PBXResourcesBuildPhase section */

/* Begin PBXSourcesBuildPhase section */
		9EC4605C1A7D4B4600A559FE /* Sources */ = {
			isa = PBXSourcesBuildPhase;
			buildActionMask = 2147483647;
			files = (
				9EC460681A7D4B4600A559FE /* ViewController.swift in Sources */,
				9EC460661A7D4B4600A559FE /* AppDelegate.swift in Sources */,
				9EC460861A7D4B6100A559FE /* BeautyLabel.swift in Sources */,
			);
			runOnlyForDeploymentPostprocessing = 0;
		};
		9EC460711A7D4B4600A559FE /* Sources */ = {
			isa = PBXSourcesBuildPhase;
			buildActionMask = 2147483647;
			files = (
				9EC4607C1A7D4B4600A559FE /* BeautyLabelTests.swift in Sources */,
			);
			runOnlyForDeploymentPostprocessing = 0;
		};
/* End PBXSourcesBuildPhase section */

/* Begin PBXTargetDependency section */
		9EC460771A7D4B4600A559FE /* PBXTargetDependency */ = {
			isa = PBXTargetDependency;
			target = 9EC4605F1A7D4B4600A559FE /* BeautyLabel */;
			targetProxy = 9EC460761A7D4B4600A559FE /* PBXContainerItemProxy */;
		};
/* End PBXTargetDependency section */

/* Begin PBXVariantGroup section */
		9EC460691A7D4B4600A559FE /* Main.storyboard */ = {
			isa = PBXVariantGroup;
			children = (
				9EC4606A1A7D4B4600A559FE /* Base */,
			);
			name = Main.storyboard;
			sourceTree = "<group>";
		};
/* End PBXVariantGroup section */

/* Begin XCBuildConfiguration section */
		9EC4607D1A7D4B4600A559FE /* Debug */ = {
			isa = XCBuildConfiguration;
			buildSettings = {
				ALWAYS_SEARCH_USER_PATHS = NO;
				CLANG_CXX_LANGUAGE_STANDARD = "gnu++0x";
				CLANG_CXX_LIBRARY = "libc++";
				CLANG_ENABLE_MODULES = YES;
				CLANG_ENABLE_OBJC_ARC = YES;
				CLANG_WARN_BOOL_CONVERSION = YES;
				CLANG_WARN_CONSTANT_CONVERSION = YES;
				CLANG_WARN_DIRECT_OBJC_ISA_USAGE = YES_ERROR;
				CLANG_WARN_EMPTY_BODY = YES;
				CLANG_WARN_ENUM_CONVERSION = YES;
				CLANG_WARN_INT_CONVERSION = YES;
				CLANG_WARN_OBJC_ROOT_CLASS = YES_ERROR;
				CLANG_WARN_UNREACHABLE_CODE = YES;
				CLANG_WARN__DUPLICATE_METHOD_MATCH = YES;
				"CODE_SIGN_IDENTITY[sdk=iphoneos*]" = "iPhone Developer";
				COPY_PHASE_STRIP = NO;
				ENABLE_STRICT_OBJC_MSGSEND = YES;
				ENABLE_TESTABILITY = YES;
				GCC_C_LANGUAGE_STANDARD = gnu99;
				GCC_DYNAMIC_NO_PIC = NO;
				GCC_OPTIMIZATION_LEVEL = 0;
				GCC_PREPROCESSOR_DEFINITIONS = (
					"DEBUG=1",
					"$(inherited)",
				);
				GCC_SYMBOLS_PRIVATE_EXTERN = NO;
				GCC_WARN_64_TO_32_BIT_CONVERSION = YES;
				GCC_WARN_ABOUT_RETURN_TYPE = YES_ERROR;
				GCC_WARN_UNDECLARED_SELECTOR = YES;
				GCC_WARN_UNINITIALIZED_AUTOS = YES_AGGRESSIVE;
				GCC_WARN_UNUSED_FUNCTION = YES;
				GCC_WARN_UNUSED_VARIABLE = YES;
				IPHONEOS_DEPLOYMENT_TARGET = 8.1;
				MTL_ENABLE_DEBUG_INFO = YES;
				ONLY_ACTIVE_ARCH = YES;
				SDKROOT = iphoneos;
				SWIFT_OPTIMIZATION_LEVEL = "-Onone";
				TARGETED_DEVICE_FAMILY = "1,2";
			};
			name = Debug;
		};
		9EC4607E1A7D4B4600A559FE /* Release */ = {
			isa = XCBuildConfiguration;
			buildSettings = {
				ALWAYS_SEARCH_USER_PATHS = NO;
				CLANG_CXX_LANGUAGE_STANDARD = "gnu++0x";
				CLANG_CXX_LIBRARY = "libc++";
				CLANG_ENABLE_MODULES = YES;
				CLANG_ENABLE_OBJC_ARC = YES;
				CLANG_WARN_BOOL_CONVERSION = YES;
				CLANG_WARN_CONSTANT_CONVERSION = YES;
				CLANG_WARN_DIRECT_OBJC_ISA_USAGE = YES_ERROR;
				CLANG_WARN_EMPTY_BODY = YES;
				CLANG_WARN_ENUM_CONVERSION = YES;
				CLANG_WARN_INT_CONVERSION = YES;
				CLANG_WARN_OBJC_ROOT_CLASS = YES_ERROR;
				CLANG_WARN_UNREACHABLE_CODE = YES;
				CLANG_WARN__DUPLICATE_METHOD_MATCH = YES;
				"CODE_SIGN_IDENTITY[sdk=iphoneos*]" = "iPhone Developer";
				COPY_PHASE_STRIP = YES;
				ENABLE_NS_ASSERTIONS = NO;
				ENABLE_STRICT_OBJC_MSGSEND = YES;
				GCC_C_LANGUAGE_STANDARD = gnu99;
				GCC_WARN_64_TO_32_BIT_CONVERSION = YES;
				GCC_WARN_ABOUT_RETURN_TYPE = YES_ERROR;
				GCC_WARN_UNDECLARED_SELECTOR = YES;
				GCC_WARN_UNINITIALIZED_AUTOS = YES_AGGRESSIVE;
				GCC_WARN_UNUSED_FUNCTION = YES;
				GCC_WARN_UNUSED_VARIABLE = YES;
				IPHONEOS_DEPLOYMENT_TARGET = 8.1;
				MTL_ENABLE_DEBUG_INFO = NO;
				SDKROOT = iphoneos;
				TARGETED_DEVICE_FAMILY = "1,2";
				VALIDATE_PRODUCT = YES;
			};
			name = Release;
		};
		9EC460801A7D4B4600A559FE /* Debug */ = {
			isa = XCBuildConfiguration;
			buildSettings = {
				ASSETCATALOG_COMPILER_APPICON_NAME = AppIcon;
				INFOPLIST_FILE = BeautyLabel/Info.plist;
				LD_RUNPATH_SEARCH_PATHS = "$(inherited) @executable_path/Frameworks";
				PRODUCT_BUNDLE_IDENTIFIER = "ccs.$(PRODUCT_NAME:rfc1034identifier)";
				PRODUCT_NAME = "$(TARGET_NAME)";
			};
			name = Debug;
		};
		9EC460811A7D4B4600A559FE /* Release */ = {
			isa = XCBuildConfiguration;
			buildSettings = {
				ASSETCATALOG_COMPILER_APPICON_NAME = AppIcon;
				INFOPLIST_FILE = BeautyLabel/Info.plist;
				LD_RUNPATH_SEARCH_PATHS = "$(inherited) @executable_path/Frameworks";
				PRODUCT_BUNDLE_IDENTIFIER = "ccs.$(PRODUCT_NAME:rfc1034identifier)";
				PRODUCT_NAME = "$(TARGET_NAME)";
			};
			name = Release;
		};
		9EC460831A7D4B4600A559FE /* Debug */ = {
			isa = XCBuildConfiguration;
			buildSettings = {
				BUNDLE_LOADER = "$(TEST_HOST)";
				FRAMEWORK_SEARCH_PATHS = (
					"$(SDKROOT)/Developer/Library/Frameworks",
					"$(inherited)",
				);
				GCC_PREPROCESSOR_DEFINITIONS = (
					"DEBUG=1",
					"$(inherited)",
				);
				INFOPLIST_FILE = BeautyLabelTests/Info.plist;
				LD_RUNPATH_SEARCH_PATHS = "$(inherited) @executable_path/Frameworks @loader_path/Frameworks";
				PRODUCT_BUNDLE_IDENTIFIER = "ccs.$(PRODUCT_NAME:rfc1034identifier)";
				PRODUCT_NAME = "$(TARGET_NAME)";
				TEST_HOST = "$(BUILT_PRODUCTS_DIR)/BeautyLabel.app/BeautyLabel";
			};
			name = Debug;
		};
		9EC460841A7D4B4600A559FE /* Release */ = {
			isa = XCBuildConfiguration;
			buildSettings = {
				BUNDLE_LOADER = "$(TEST_HOST)";
				FRAMEWORK_SEARCH_PATHS = (
					"$(SDKROOT)/Developer/Library/Frameworks",
					"$(inherited)",
				);
				INFOPLIST_FILE = BeautyLabelTests/Info.plist;
				LD_RUNPATH_SEARCH_PATHS = "$(inherited) @executable_path/Frameworks @loader_path/Frameworks";
				PRODUCT_BUNDLE_IDENTIFIER = "ccs.$(PRODUCT_NAME:rfc1034identifier)";
				PRODUCT_NAME = "$(TARGET_NAME)";
				TEST_HOST = "$(BUILT_PRODUCTS_DIR)/BeautyLabel.app/BeautyLabel";
			};
			name = Release;
		};
/* End XCBuildConfiguration section */

/* Begin XCConfigurationList section */
		9EC4605B1A7D4B4600A559FE /* Build configuration list for PBXProject "BeautyLabel" */ = {
			isa = XCConfigurationList;
			buildConfigurations = (
				9EC4607D1A7D4B4600A559FE /* Debug */,
				9EC4607E1A7D4B4600A559FE /* Release */,
			);
			defaultConfigurationIsVisible = 0;
			defaultConfigurationName = Release;
		};
		9EC4607F1A7D4B4600A559FE /* Build configuration list for PBXNativeTarget "BeautyLabel" */ = {
			isa = XCConfigurationList;
			buildConfigurations = (
				9EC460801A7D4B4600A559FE /* Debug */,
				9EC460811A7D4B4600A559FE /* Release */,
			);
			defaultConfigurationIsVisible = 0;
			defaultConfigurationName = Release;
		};
		9EC460821A7D4B4600A559FE /* Build configuration list for PBXNativeTarget "BeautyLabelTests" */ = {
			isa = XCConfigurationList;
			buildConfigurations = (
				9EC460831A7D4B4600A559FE /* Debug */,
				9EC460841A7D4B4600A559FE /* Release */,
			);
			defaultConfigurationIsVisible = 0;
			defaultConfigurationName = Release;
		};
/* End XCConfigurationList section */
	};
	rootObject = 9EC460581A7D4B4600A559FE /* Project object */;
}
